{
  "requires": true,
  "lockfileVersion": 1,
  "dependencies": {
    "stickybits": {
      "version": "3.7.7",
      "resolved": "https://registry.npmjs.org/stickybits/-/stickybits-3.7.7.tgz",
      "integrity": "sha512-w8slCLqIESiIl8sP3v9wXNWfzrPHPOg2W6tsCfTkStrtfMoFnk0LSHpUJC7xx1yhNEKpljZJYL9T8RkZkSdqpQ==",
      "dev": true
    }
  }
}
